
Microsoft Visual Studio Solution File, Format Version 12.00
# Visual Studio Version 16
VisualStudioVersion = 16.0.33423.256
MinimumVisualStudioVersion = 10.0.40219.1
Project("{FAE04EC0-301F-11D3-BF4B-00C04F79EFBC}") = "Challenge 1", "Challenge 1\Challenge 1.csproj", "{74FDC8B2-1E64-490F-98CD-B324170F53ED}"
EndProject
Global
	GlobalSection(SolutionConfigurationPlatforms) = preSolution
		Debug|Any CPU = Debug|Any CPU
		Release|Any CPU = Release|Any CPU
	EndGlobalSection
	GlobalSection(ProjectConfigurationPlatforms) = postSolution
		{74FDC8B2-1E64-490F-98CD-B324170F53ED}.Debug|Any CPU.ActiveCfg = Debug|Any CPU
		{74FDC8B2-1E64-490F-98CD-B324170F53ED}.Debug|Any CPU.Build.0 = Debug|Any CPU
		{74FDC8B2-1E64-490F-98CD-B324170F53ED}.Release|Any CPU.ActiveCfg = Release|Any CPU
		{74FDC8B2-1E64-490F-98CD-B324170F53ED}.Release|Any CPU.Build.0 = Release|Any CPU
	EndGlobalSection
	GlobalSection(SolutionProperties) = preSolution
		HideSolutionNode = FALSE
	EndGlobalSection
	GlobalSection(ExtensibilityGlobals) = postSolution
		SolutionGuid = {78FEA1D9-D205-40E9-96F3-A0B21AB7DC26}
	EndGlobalSection
EndGlobal
